
Microsoft Visual Studio Solution File, Format Version 12.00
# Visual Studio 15
VisualStudioVersion = 15.0.28307.1169
MinimumVisualStudioVersion = 10.0.40219.1
Project("{9A19103F-16F7-4668-BE54-9A1E7A4F7556}") = "PO_DAL", "PO_DAL\PO_DAL.csproj", "{1E3C9141-456A-4307-B692-93ED452EEAB5}"
EndProject
Project("{9A19103F-16F7-4668-BE54-9A1E7A4F7556}") = "POWebServices", "POWebServices\POWebServices.csproj", "{C68859DF-9210-4B7E-B5EB-F82705B358B1}"
EndProject
Project("{9A19103F-16F7-4668-BE54-9A1E7A4F7556}") = "PO_Test", "PO_Test\PO_Test.csproj", "{5ECE59A2-AAA3-4D2F-A0AF-88C58D5F8524}"
EndProject
Global
	GlobalSection(SolutionConfigurationPlatforms) = preSolution
		Debug|Any CPU = Debug|Any CPU
		Release|Any CPU = Release|Any CPU
	EndGlobalSection
	GlobalSection(ProjectConfigurationPlatforms) = postSolution
		{1E3C9141-456A-4307-B692-93ED452EEAB5}.Debug|Any CPU.ActiveCfg = Debug|Any CPU
		{1E3C9141-456A-4307-B692-93ED452EEAB5}.Debug|Any CPU.Build.0 = Debug|Any CPU
		{1E3C9141-456A-4307-B692-93ED452EEAB5}.Release|Any CPU.ActiveCfg = Release|Any CPU
		{1E3C9141-456A-4307-B692-93ED452EEAB5}.Release|Any CPU.Build.0 = Release|Any CPU
		{C68859DF-9210-4B7E-B5EB-F82705B358B1}.Debug|Any CPU.ActiveCfg = Debug|Any CPU
		{C68859DF-9210-4B7E-B5EB-F82705B358B1}.Debug|Any CPU.Build.0 = Debug|Any CPU
		{C68859DF-9210-4B7E-B5EB-F82705B358B1}.Release|Any CPU.ActiveCfg = Release|Any CPU
		{C68859DF-9210-4B7E-B5EB-F82705B358B1}.Release|Any CPU.Build.0 = Release|Any CPU
		{5ECE59A2-AAA3-4D2F-A0AF-88C58D5F8524}.Debug|Any CPU.ActiveCfg = Debug|Any CPU
		{5ECE59A2-AAA3-4D2F-A0AF-88C58D5F8524}.Debug|Any CPU.Build.0 = Debug|Any CPU
		{5ECE59A2-AAA3-4D2F-A0AF-88C58D5F8524}.Release|Any CPU.ActiveCfg = Release|Any CPU
		{5ECE59A2-AAA3-4D2F-A0AF-88C58D5F8524}.Release|Any CPU.Build.0 = Release|Any CPU
	EndGlobalSection
	GlobalSection(SolutionProperties) = preSolution
		HideSolutionNode = FALSE
	EndGlobalSection
	GlobalSection(ExtensibilityGlobals) = postSolution
		SolutionGuid = {E441A8F1-8469-4549-901A-D56367FA1F34}
	EndGlobalSection
EndGlobal
